
Microsoft Visual Studio Solution File, Format Version 12.00
# Visual Studio Version 17
VisualStudioVersion = 17.0.31903.59
MinimumVisualStudioVersion = 10.0.40219.1
Project("{2150E333-8FDC-42A3-9474-1A3956D46DE8}") = "src", "src", "{827E0CD3-B72D-47B6-A68D-7590B98EB39B}"
EndProject
Project("{FAE04EC0-301F-11D3-BF4B-00C04F79EFBC}") = "ConversorMoedas.Api", "src\ConversorMoedas.Api\ConversorMoedas.Api.csproj", "{CEA2DB15-CD76-411E-B9EA-E50CEF76A8B8}"
EndProject
Project("{FAE04EC0-301F-11D3-BF4B-00C04F79EFBC}") = "ConversorMoedas.Core", "src\ConversorMoedas.Core\ConversorMoedas.Core.csproj", "{B36733B4-ED2F-4719-87FD-E9A71DC28E94}"
EndProject
Project("{2150E333-8FDC-42A3-9474-1A3956D46DE8}") = "tests", "tests", "{0AB3BF05-4346-4AA6-1389-037BE0695223}"
EndProject
Project("{FAE04EC0-301F-11D3-BF4B-00C04F79EFBC}") = "ConversorMoedas.Core.Tests", "tests\ConversorMoedas.Core.Tests\ConversorMoedas.Core.Tests.csproj", "{A76E52F1-1236-4598-B4D0-F22AB2A5F51B}"
EndProject
Global
	GlobalSection(SolutionConfigurationPlatforms) = preSolution
		Debug|Any CPU = Debug|Any CPU
		Debug|x64 = Debug|x64
		Debug|x86 = Debug|x86
		Release|Any CPU = Release|Any CPU
		Release|x64 = Release|x64
		Release|x86 = Release|x86
	EndGlobalSection
	GlobalSection(ProjectConfigurationPlatforms) = postSolution
		{CEA2DB15-CD76-411E-B9EA-E50CEF76A8B8}.Debug|Any CPU.ActiveCfg = Debug|Any CPU
		{CEA2DB15-CD76-411E-B9EA-E50CEF76A8B8}.Debug|Any CPU.Build.0 = Debug|Any CPU
		{CEA2DB15-CD76-411E-B9EA-E50CEF76A8B8}.Debug|x64.ActiveCfg = Debug|Any CPU
		{CEA2DB15-CD76-411E-B9EA-E50CEF76A8B8}.Debug|x64.Build.0 = Debug|Any CPU
		{CEA2DB15-CD76-411E-B9EA-E50CEF76A8B8}.Debug|x86.ActiveCfg = Debug|Any CPU
		{CEA2DB15-CD76-411E-B9EA-E50CEF76A8B8}.Debug|x86.Build.0 = Debug|Any CPU
		{CEA2DB15-CD76-411E-B9EA-E50CEF76A8B8}.Release|Any CPU.ActiveCfg = Release|Any CPU
		{CEA2DB15-CD76-411E-B9EA-E50CEF76A8B8}.Release|Any CPU.Build.0 = Release|Any CPU
		{CEA2DB15-CD76-411E-B9EA-E50CEF76A8B8}.Release|x64.ActiveCfg = Release|Any CPU
		{CEA2DB15-CD76-411E-B9EA-E50CEF76A8B8}.Release|x64.Build.0 = Release|Any CPU
		{CEA2DB15-CD76-411E-B9EA-E50CEF76A8B8}.Release|x86.ActiveCfg = Release|Any CPU
		{CEA2DB15-CD76-411E-B9EA-E50CEF76A8B8}.Release|x86.Build.0 = Release|Any CPU
		{B36733B4-ED2F-4719-87FD-E9A71DC28E94}.Debug|Any CPU.ActiveCfg = Debug|Any CPU
		{B36733B4-ED2F-4719-87FD-E9A71DC28E94}.Debug|Any CPU.Build.0 = Debug|Any CPU
		{B36733B4-ED2F-4719-87FD-E9A71DC28E94}.Debug|x64.ActiveCfg = Debug|Any CPU
		{B36733B4-ED2F-4719-87FD-E9A71DC28E94}.Debug|x64.Build.0 = Debug|Any CPU
		{B36733B4-ED2F-4719-87FD-E9A71DC28E94}.Debug|x86.ActiveCfg = Debug|Any CPU
		{B36733B4-ED2F-4719-87FD-E9A71DC28E94}.Debug|x86.Build.0 = Debug|Any CPU
		{B36733B4-ED2F-4719-87FD-E9A71DC28E94}.Release|Any CPU.ActiveCfg = Release|Any CPU
		{B36733B4-ED2F-4719-87FD-E9A71DC28E94}.Release|Any CPU.Build.0 = Release|Any CPU
		{B36733B4-ED2F-4719-87FD-E9A71DC28E94}.Release|x64.ActiveCfg = Release|Any CPU
		{B36733B4-ED2F-4719-87FD-E9A71DC28E94}.Release|x64.Build.0 = Release|Any CPU
		{B36733B4-ED2F-4719-87FD-E9A71DC28E94}.Release|x86.ActiveCfg = Release|Any CPU
		{B36733B4-ED2F-4719-87FD-E9A71DC28E94}.Release|x86.Build.0 = Release|Any CPU
		{A76E52F1-1236-4598-B4D0-F22AB2A5F51B}.Debug|Any CPU.ActiveCfg = Debug|Any CPU
		{A76E52F1-1236-4598-B4D0-F22AB2A5F51B}.Debug|Any CPU.Build.0 = Debug|Any CPU
		{A76E52F1-1236-4598-B4D0-F22AB2A5F51B}.Debug|x64.ActiveCfg = Debug|Any CPU
		{A76E52F1-1236-4598-B4D0-F22AB2A5F51B}.Debug|x64.Build.0 = Debug|Any CPU
		{A76E52F1-1236-4598-B4D0-F22AB2A5F51B}.Debug|x86.ActiveCfg = Debug|Any CPU
		{A76E52F1-1236-4598-B4D0-F22AB2A5F51B}.Debug|x86.Build.0 = Debug|Any CPU
		{A76E52F1-1236-4598-B4D0-F22AB2A5F51B}.Release|Any CPU.ActiveCfg = Release|Any CPU
		{A76E52F1-1236-4598-B4D0-F22AB2A5F51B}.Release|Any CPU.Build.0 = Release|Any CPU
		{A76E52F1-1236-4598-B4D0-F22AB2A5F51B}.Release|x64.ActiveCfg = Release|Any CPU
		{A76E52F1-1236-4598-B4D0-F22AB2A5F51B}.Release|x64.Build.0 = Release|Any CPU
		{A76E52F1-1236-4598-B4D0-F22AB2A5F51B}.Release|x86.ActiveCfg = Release|Any CPU
		{A76E52F1-1236-4598-B4D0-F22AB2A5F51B}.Release|x86.Build.0 = Release|Any CPU
	EndGlobalSection
	GlobalSection(SolutionProperties) = preSolution
		HideSolutionNode = FALSE
	EndGlobalSection
	GlobalSection(NestedProjects) = preSolution
		{CEA2DB15-CD76-411E-B9EA-E50CEF76A8B8} = {827E0CD3-B72D-47B6-A68D-7590B98EB39B}
		{B36733B4-ED2F-4719-87FD-E9A71DC28E94} = {827E0CD3-B72D-47B6-A68D-7590B98EB39B}
		{A76E52F1-1236-4598-B4D0-F22AB2A5F51B} = {0AB3BF05-4346-4AA6-1389-037BE0695223}
	EndGlobalSection
EndGlobal
